
Microsoft Visual Studio Solution File, Format Version 12.00
# Visual Studio Version 17
VisualStudioVersion = 17.1.32228.430
MinimumVisualStudioVersion = 10.0.40219.1
Project("{FAE04EC0-301F-11D3-BF4B-00C04F79EFBC}") = "DornadzorTestWebApi.API", "DornadzorTestWebApi\DornadzorTestWebApi.API.csproj", "{5DAB3077-720A-4031-A6B8-62DFDCD7662E}"
EndProject
Project("{FAE04EC0-301F-11D3-BF4B-00C04F79EFBC}") = "DornadzorTestWebApi.BLL", "DornadzorTestWebApi.BLL\DornadzorTestWebApi.BLL.csproj", "{08AA28E7-EFF3-4AD3-87F1-480D84CCBA2F}"
EndProject
Project("{FAE04EC0-301F-11D3-BF4B-00C04F79EFBC}") = "DornadzorTestWebApi.DAL", "DornadzorTestWebApi.DAL\DornadzorTestWebApi.DAL.csproj", "{E1D237F4-DCE4-43ED-B63B-59B20BBB6F92}"
EndProject
Global
	GlobalSection(SolutionConfigurationPlatforms) = preSolution
		Debug|Any CPU = Debug|Any CPU
		Release|Any CPU = Release|Any CPU
	EndGlobalSection
	GlobalSection(ProjectConfigurationPlatforms) = postSolution
		{5DAB3077-720A-4031-A6B8-62DFDCD7662E}.Debug|Any CPU.ActiveCfg = Debug|Any CPU
		{5DAB3077-720A-4031-A6B8-62DFDCD7662E}.Debug|Any CPU.Build.0 = Debug|Any CPU
		{5DAB3077-720A-4031-A6B8-62DFDCD7662E}.Release|Any CPU.ActiveCfg = Release|Any CPU
		{5DAB3077-720A-4031-A6B8-62DFDCD7662E}.Release|Any CPU.Build.0 = Release|Any CPU
		{08AA28E7-EFF3-4AD3-87F1-480D84CCBA2F}.Debug|Any CPU.ActiveCfg = Debug|Any CPU
		{08AA28E7-EFF3-4AD3-87F1-480D84CCBA2F}.Debug|Any CPU.Build.0 = Debug|Any CPU
		{08AA28E7-EFF3-4AD3-87F1-480D84CCBA2F}.Release|Any CPU.ActiveCfg = Release|Any CPU
		{08AA28E7-EFF3-4AD3-87F1-480D84CCBA2F}.Release|Any CPU.Build.0 = Release|Any CPU
		{E1D237F4-DCE4-43ED-B63B-59B20BBB6F92}.Debug|Any CPU.ActiveCfg = Debug|Any CPU
		{E1D237F4-DCE4-43ED-B63B-59B20BBB6F92}.Debug|Any CPU.Build.0 = Debug|Any CPU
		{E1D237F4-DCE4-43ED-B63B-59B20BBB6F92}.Release|Any CPU.ActiveCfg = Release|Any CPU
		{E1D237F4-DCE4-43ED-B63B-59B20BBB6F92}.Release|Any CPU.Build.0 = Release|Any CPU
	EndGlobalSection
	GlobalSection(SolutionProperties) = preSolution
		HideSolutionNode = FALSE
	EndGlobalSection
	GlobalSection(ExtensibilityGlobals) = postSolution
		SolutionGuid = {1AB4B5DA-E664-4ECC-9A42-3876F273CA2C}
	EndGlobalSection
EndGlobal
